
Microsoft Visual Studio Solution File, Format Version 12.00
# Visual Studio 15
VisualStudioVersion = 15.0.26430.16
MinimumVisualStudioVersion = 10.0.40219.1
Project("{8BC9CEB8-8B4A-11D0-8D11-00A0C91BC942}") = "bashex", "bashex.vcxproj", "{7DD6F268-D910-4F96-8F65-20798F1E37C4}"
EndProject
Project("{2150E333-8FDC-42A3-9474-1A3956D46DE8}") = "Solution Items", "Solution Items", "{C61D0139-0AFC-4292-B692-515EAE964729}"
	ProjectSection(SolutionItems) = preProject
		README.md = README.md
	EndProjectSection
EndProject
Global
	GlobalSection(SolutionConfigurationPlatforms) = preSolution
		Debug|x64 = Debug|x64
		Debug|x86 = Debug|x86
		Release|x64 = Release|x64
		Release|x86 = Release|x86
	EndGlobalSection
	GlobalSection(ProjectConfigurationPlatforms) = postSolution
		{7DD6F268-D910-4F96-8F65-20798F1E37C4}.Debug|x64.ActiveCfg = Debug|x64
		{7DD6F268-D910-4F96-8F65-20798F1E37C4}.Debug|x64.Build.0 = Debug|x64
		{7DD6F268-D910-4F96-8F65-20798F1E37C4}.Debug|x86.ActiveCfg = Debug|Win32
		{7DD6F268-D910-4F96-8F65-20798F1E37C4}.Debug|x86.Build.0 = Debug|Win32
		{7DD6F268-D910-4F96-8F65-20798F1E37C4}.Release|x64.ActiveCfg = Release|x64
		{7DD6F268-D910-4F96-8F65-20798F1E37C4}.Release|x64.Build.0 = Release|x64
		{7DD6F268-D910-4F96-8F65-20798F1E37C4}.Release|x86.ActiveCfg = Release|Win32
		{7DD6F268-D910-4F96-8F65-20798F1E37C4}.Release|x86.Build.0 = Release|Win32
	EndGlobalSection
	GlobalSection(SolutionProperties) = preSolution
		HideSolutionNode = FALSE
	EndGlobalSection
EndGlobal
